
Microsoft Visual Studio Solution File, Format Version 12.00
# Visual Studio Version 17
VisualStudioVersion = 17.11.35312.102
MinimumVisualStudioVersion = 10.0.40219.1
Project("{2150E333-8FDC-42A3-9474-1A3956D46DE8}") = "Task0", "Task0", "{B9FC8F2E-73DE-40EE-B192-B7EC9A23BC85}"
EndProject
Project("{9A19103F-16F7-4668-BE54-9A1E7A4F7556}") = "Tyuiu.MedyanichevDI.Sprint4.Task0.V23", "Tyuiu.MedyanichevDI.Sprint4.Task0.V23\Tyuiu.MedyanichevDI.Sprint4.Task0.V23.csproj", "{D9039795-177E-4E34-BAD1-175106956EA2}"
EndProject
Project("{9A19103F-16F7-4668-BE54-9A1E7A4F7556}") = "Tyuiu.MedyanichevDI.Sprint4.Task0.V23.Lib", "Tyuiu.MedyanichevDI.Sprint4.Task0.V23.Lib\Tyuiu.MedyanichevDI.Sprint4.Task0.V23.Lib.csproj", "{4C3F7188-03BE-49B1-A85F-3BABD33B522B}"
EndProject
Project("{9A19103F-16F7-4668-BE54-9A1E7A4F7556}") = "Tyuiu.MedyanichevDI.Sprint4.Task0.V23.Test", "Tyuiu.MedyanichevDI.Sprint4.Task0.V23.Test\Tyuiu.MedyanichevDI.Sprint4.Task0.V23.Test.csproj", "{7C96275D-29C7-4C85-BDF5-4849488974A4}"
EndProject
Project("{2150E333-8FDC-42A3-9474-1A3956D46DE8}") = "Task1", "Task1", "{EB81924F-A358-4C13-AB5E-D4CDF597F7E5}"
EndProject
Project("{9A19103F-16F7-4668-BE54-9A1E7A4F7556}") = "Tyuiu.MedyanichevDI.Sprint4.Task1.V6", "Tyuiu.MedyanichevDI.Sprint4.Task1.V6\Tyuiu.MedyanichevDI.Sprint4.Task1.V6.csproj", "{87E54F7D-BAC2-4AFC-9394-9FC9B72475C8}"
EndProject
Project("{9A19103F-16F7-4668-BE54-9A1E7A4F7556}") = "Tyuiu.MedyanichevDI.Sprint4.Task1.V6.Lib", "Tyuiu.MedyanichevDI.Sprint4.Task1.V6.Lib\Tyuiu.MedyanichevDI.Sprint4.Task1.V6.Lib.csproj", "{40A5472C-732E-43DD-BDB9-C1A7FD4B7A9E}"
EndProject
Project("{9A19103F-16F7-4668-BE54-9A1E7A4F7556}") = "Tyuiu.MedyanichevDI.Sprint4.Task1.V6.Test", "Tyuiu.MedyanichevDI.Sprint4.Task1.V6.Test\Tyuiu.MedyanichevDI.Sprint4.Task1.V6.Test.csproj", "{62B29670-071F-4561-8ABF-0F30921A9A63}"
EndProject
Project("{2150E333-8FDC-42A3-9474-1A3956D46DE8}") = "Task2", "Task2", "{71D6DA82-53DB-4C39-9E90-88DE36A0827E}"
EndProject
Project("{FAE04EC0-301F-11D3-BF4B-00C04F79EFBC}") = "Tyuiu.MedyanichevDI.Sprint4.Task2.V8", "Tyuiu.MedyanichevDI.Sprint4.Task2.V8\Tyuiu.MedyanichevDI.Sprint4.Task2.V8.csproj", "{9C98A0FF-4A6F-4A64-ADA7-7C536939CA38}"
EndProject
Project("{FAE04EC0-301F-11D3-BF4B-00C04F79EFBC}") = "Tyuiu.MedyanichevDI.Sprint4.Task2.V8.Lib", "Tyuiu.MedyanichevDI.Sprint4.Task2.V8.Lib\Tyuiu.MedyanichevDI.Sprint4.Task2.V8.Lib.csproj", "{D6B52E04-02C9-468F-8BD1-B8E4E7F8CB90}"
EndProject
Project("{FAE04EC0-301F-11D3-BF4B-00C04F79EFBC}") = "Tyuiu.MedyanichevDI.Sprint4.Task2.V8.Test", "Tyuiu.MedyanichevDI.Sprint4.Task2.V8.Test\Tyuiu.MedyanichevDI.Sprint4.Task2.V8.Test.csproj", "{4753941B-0333-4AD3-B287-F1344C8A6EC3}"
EndProject
Project("{2150E333-8FDC-42A3-9474-1A3956D46DE8}") = "Task3", "Task3", "{F4042548-00BC-43C6-B4B3-4FC0FDD66EAF}"
EndProject
Project("{FAE04EC0-301F-11D3-BF4B-00C04F79EFBC}") = "Tyuiu.MedyanichevDI.Sprint4.Task3.V17", "Tyuiu.MedyanichevDI.Sprint4.Task3.V17\Tyuiu.MedyanichevDI.Sprint4.Task3.V17.csproj", "{B3A3D340-19EA-4FAD-9503-BCBD482F16D9}"
EndProject
Project("{FAE04EC0-301F-11D3-BF4B-00C04F79EFBC}") = "Tyuiu.MedyanichevDI.Sprint4.Task3.V17.Lib", "Tyuiu.MedyanichevDI.Sprint4.Task3.V17.Lib\Tyuiu.MedyanichevDI.Sprint4.Task3.V17.Lib.csproj", "{7BC316F8-ED22-40E0-8D7E-9E9600E2B76B}"
EndProject
Project("{FAE04EC0-301F-11D3-BF4B-00C04F79EFBC}") = "Tyuiu.MedyanichevDI.Sprint4.Task3.V17.Test", "Tyuiu.MedyanichevDI.Sprint4.Task3.V17.Test\Tyuiu.MedyanichevDI.Sprint4.Task3.V17.Test.csproj", "{183D74F8-CB75-4296-A467-FF0E4372B9C2}"
EndProject
Project("{2150E333-8FDC-42A3-9474-1A3956D46DE8}") = "Task4", "Task4", "{DE47F24B-D36F-40C5-8202-028F663AD415}"
EndProject
Project("{FAE04EC0-301F-11D3-BF4B-00C04F79EFBC}") = "Tyuiu.MedyanichevDI.Sprint4.Task4.V29", "Tyuiu.MedyanichevDI.Sprint4.Task4.V29\Tyuiu.MedyanichevDI.Sprint4.Task4.V29.csproj", "{7602DBE7-5895-4B51-BB8D-76B75D2006C0}"
EndProject
Project("{FAE04EC0-301F-11D3-BF4B-00C04F79EFBC}") = "Tyuiu.MedyanichevDI.Sprint4.Task4.V29.Lib", "Tyuiu.MedyanichevDI.Sprint4.Task4.V29.Lib\Tyuiu.MedyanichevDI.Sprint4.Task4.V29.Lib.csproj", "{D6E522B2-1D79-4AFC-BE29-D416DB5AFD81}"
EndProject
Project("{FAE04EC0-301F-11D3-BF4B-00C04F79EFBC}") = "Tyuiu.MedyanichevDI.Sprint4.Task4.V29.Test", "Tyuiu.MedyanichevDI.Sprint4.Task4.V29.Test\Tyuiu.MedyanichevDI.Sprint4.Task4.V29.Test.csproj", "{CE25EA38-7C79-457C-BE5A-4ACFFBB8DE8B}"
EndProject
Project("{2150E333-8FDC-42A3-9474-1A3956D46DE8}") = "Task5", "Task5", "{B1D1C49C-DF55-4CBA-A4DE-7C4BB6EA1360}"
EndProject
Project("{FAE04EC0-301F-11D3-BF4B-00C04F79EFBC}") = "Tyuiu.MedyanichevDI.Sprint4.Task5.V23", "Tyuiu.MedyanichevDI.Sprint4.Task5.V23\Tyuiu.MedyanichevDI.Sprint4.Task5.V23.csproj", "{C3A96D55-A946-4590-82DC-8334A8F8A1F4}"
EndProject
Project("{FAE04EC0-301F-11D3-BF4B-00C04F79EFBC}") = "Tyuiu.MedyanichevDI.Sprint4.Task5.V23.Lib", "Tyuiu.MedyanichevDI.Sprint4.Task5.V23.Lib\Tyuiu.MedyanichevDI.Sprint4.Task5.V23.Lib.csproj", "{9C11D814-7673-4167-A00E-2B00081A68ED}"
EndProject
Project("{FAE04EC0-301F-11D3-BF4B-00C04F79EFBC}") = "Tyuiu.MedyanichevDI.Sprint4.Task5.V23.Test", "Tyuiu.MedyanichevDI.Sprint4.Task5.V23.Test\Tyuiu.MedyanichevDI.Sprint4.Task5.V23.Test.csproj", "{8EDF0ED8-5D1E-4D50-B9FB-82ACD819CB52}"
EndProject
Global
	GlobalSection(SolutionConfigurationPlatforms) = preSolution
		Debug|Any CPU = Debug|Any CPU
		Release|Any CPU = Release|Any CPU
	EndGlobalSection
	GlobalSection(ProjectConfigurationPlatforms) = postSolution
		{D9039795-177E-4E34-BAD1-175106956EA2}.Debug|Any CPU.ActiveCfg = Debug|Any CPU
		{D9039795-177E-4E34-BAD1-175106956EA2}.Debug|Any CPU.Build.0 = Debug|Any CPU
		{D9039795-177E-4E34-BAD1-175106956EA2}.Release|Any CPU.ActiveCfg = Release|Any CPU
		{D9039795-177E-4E34-BAD1-175106956EA2}.Release|Any CPU.Build.0 = Release|Any CPU
		{4C3F7188-03BE-49B1-A85F-3BABD33B522B}.Debug|Any CPU.ActiveCfg = Debug|Any CPU
		{4C3F7188-03BE-49B1-A85F-3BABD33B522B}.Debug|Any CPU.Build.0 = Debug|Any CPU
		{4C3F7188-03BE-49B1-A85F-3BABD33B522B}.Release|Any CPU.ActiveCfg = Release|Any CPU
		{4C3F7188-03BE-49B1-A85F-3BABD33B522B}.Release|Any CPU.Build.0 = Release|Any CPU
		{7C96275D-29C7-4C85-BDF5-4849488974A4}.Debug|Any CPU.ActiveCfg = Debug|Any CPU
		{7C96275D-29C7-4C85-BDF5-4849488974A4}.Debug|Any CPU.Build.0 = Debug|Any CPU
		{7C96275D-29C7-4C85-BDF5-4849488974A4}.Release|Any CPU.ActiveCfg = Release|Any CPU
		{7C96275D-29C7-4C85-BDF5-4849488974A4}.Release|Any CPU.Build.0 = Release|Any CPU
		{87E54F7D-BAC2-4AFC-9394-9FC9B72475C8}.Debug|Any CPU.ActiveCfg = Debug|Any CPU
		{87E54F7D-BAC2-4AFC-9394-9FC9B72475C8}.Debug|Any CPU.Build.0 = Debug|Any CPU
		{87E54F7D-BAC2-4AFC-9394-9FC9B72475C8}.Release|Any CPU.ActiveCfg = Release|Any CPU
		{87E54F7D-BAC2-4AFC-9394-9FC9B72475C8}.Release|Any CPU.Build.0 = Release|Any CPU
		{40A5472C-732E-43DD-BDB9-C1A7FD4B7A9E}.Debug|Any CPU.ActiveCfg = Debug|Any CPU
		{40A5472C-732E-43DD-BDB9-C1A7FD4B7A9E}.Debug|Any CPU.Build.0 = Debug|Any CPU
		{40A5472C-732E-43DD-BDB9-C1A7FD4B7A9E}.Release|Any CPU.ActiveCfg = Release|Any CPU
		{40A5472C-732E-43DD-BDB9-C1A7FD4B7A9E}.Release|Any CPU.Build.0 = Release|Any CPU
		{62B29670-071F-4561-8ABF-0F30921A9A63}.Debug|Any CPU.ActiveCfg = Debug|Any CPU
		{62B29670-071F-4561-8ABF-0F30921A9A63}.Debug|Any CPU.Build.0 = Debug|Any CPU
		{62B29670-071F-4561-8ABF-0F30921A9A63}.Release|Any CPU.ActiveCfg = Release|Any CPU
		{62B29670-071F-4561-8ABF-0F30921A9A63}.Release|Any CPU.Build.0 = Release|Any CPU
		{9C98A0FF-4A6F-4A64-ADA7-7C536939CA38}.Debug|Any CPU.ActiveCfg = Debug|Any CPU
		{9C98A0FF-4A6F-4A64-ADA7-7C536939CA38}.Debug|Any CPU.Build.0 = Debug|Any CPU
		{9C98A0FF-4A6F-4A64-ADA7-7C536939CA38}.Release|Any CPU.ActiveCfg = Release|Any CPU
		{9C98A0FF-4A6F-4A64-ADA7-7C536939CA38}.Release|Any CPU.Build.0 = Release|Any CPU
		{D6B52E04-02C9-468F-8BD1-B8E4E7F8CB90}.Debug|Any CPU.ActiveCfg = Debug|Any CPU
		{D6B52E04-02C9-468F-8BD1-B8E4E7F8CB90}.Debug|Any CPU.Build.0 = Debug|Any CPU
		{D6B52E04-02C9-468F-8BD1-B8E4E7F8CB90}.Release|Any CPU.ActiveCfg = Release|Any CPU
		{D6B52E04-02C9-468F-8BD1-B8E4E7F8CB90}.Release|Any CPU.Build.0 = Release|Any CPU
		{4753941B-0333-4AD3-B287-F1344C8A6EC3}.Debug|Any CPU.ActiveCfg = Debug|Any CPU
		{4753941B-0333-4AD3-B287-F1344C8A6EC3}.Debug|Any CPU.Build.0 = Debug|Any CPU
		{4753941B-0333-4AD3-B287-F1344C8A6EC3}.Release|Any CPU.ActiveCfg = Release|Any CPU
		{4753941B-0333-4AD3-B287-F1344C8A6EC3}.Release|Any CPU.Build.0 = Release|Any CPU
		{B3A3D340-19EA-4FAD-9503-BCBD482F16D9}.Debug|Any CPU.ActiveCfg = Debug|Any CPU
		{B3A3D340-19EA-4FAD-9503-BCBD482F16D9}.Debug|Any CPU.Build.0 = Debug|Any CPU
		{B3A3D340-19EA-4FAD-9503-BCBD482F16D9}.Release|Any CPU.ActiveCfg = Release|Any CPU
		{B3A3D340-19EA-4FAD-9503-BCBD482F16D9}.Release|Any CPU.Build.0 = Release|Any CPU
		{7BC316F8-ED22-40E0-8D7E-9E9600E2B76B}.Debug|Any CPU.ActiveCfg = Debug|Any CPU
		{7BC316F8-ED22-40E0-8D7E-9E9600E2B76B}.Debug|Any CPU.Build.0 = Debug|Any CPU
		{7BC316F8-ED22-40E0-8D7E-9E9600E2B76B}.Release|Any CPU.ActiveCfg = Release|Any CPU
		{7BC316F8-ED22-40E0-8D7E-9E9600E2B76B}.Release|Any CPU.Build.0 = Release|Any CPU
		{183D74F8-CB75-4296-A467-FF0E4372B9C2}.Debug|Any CPU.ActiveCfg = Debug|Any CPU
		{183D74F8-CB75-4296-A467-FF0E4372B9C2}.Debug|Any CPU.Build.0 = Debug|Any CPU
		{183D74F8-CB75-4296-A467-FF0E4372B9C2}.Release|Any CPU.ActiveCfg = Release|Any CPU
		{183D74F8-CB75-4296-A467-FF0E4372B9C2}.Release|Any CPU.Build.0 = Release|Any CPU
		{7602DBE7-5895-4B51-BB8D-76B75D2006C0}.Debug|Any CPU.ActiveCfg = Debug|Any CPU
		{7602DBE7-5895-4B51-BB8D-76B75D2006C0}.Debug|Any CPU.Build.0 = Debug|Any CPU
		{7602DBE7-5895-4B51-BB8D-76B75D2006C0}.Release|Any CPU.ActiveCfg = Release|Any CPU
		{7602DBE7-5895-4B51-BB8D-76B75D2006C0}.Release|Any CPU.Build.0 = Release|Any CPU
		{D6E522B2-1D79-4AFC-BE29-D416DB5AFD81}.Debug|Any CPU.ActiveCfg = Debug|Any CPU
		{D6E522B2-1D79-4AFC-BE29-D416DB5AFD81}.Debug|Any CPU.Build.0 = Debug|Any CPU
		{D6E522B2-1D79-4AFC-BE29-D416DB5AFD81}.Release|Any CPU.ActiveCfg = Release|Any CPU
		{D6E522B2-1D79-4AFC-BE29-D416DB5AFD81}.Release|Any CPU.Build.0 = Release|Any CPU
		{CE25EA38-7C79-457C-BE5A-4ACFFBB8DE8B}.Debug|Any CPU.ActiveCfg = Debug|Any CPU
		{CE25EA38-7C79-457C-BE5A-4ACFFBB8DE8B}.Debug|Any CPU.Build.0 = Debug|Any CPU
		{CE25EA38-7C79-457C-BE5A-4ACFFBB8DE8B}.Release|Any CPU.ActiveCfg = Release|Any CPU
		{CE25EA38-7C79-457C-BE5A-4ACFFBB8DE8B}.Release|Any CPU.Build.0 = Release|Any CPU
		{C3A96D55-A946-4590-82DC-8334A8F8A1F4}.Debug|Any CPU.ActiveCfg = Debug|Any CPU
		{C3A96D55-A946-4590-82DC-8334A8F8A1F4}.Debug|Any CPU.Build.0 = Debug|Any CPU
		{C3A96D55-A946-4590-82DC-8334A8F8A1F4}.Release|Any CPU.ActiveCfg = Release|Any CPU
		{C3A96D55-A946-4590-82DC-8334A8F8A1F4}.Release|Any CPU.Build.0 = Release|Any CPU
		{9C11D814-7673-4167-A00E-2B00081A68ED}.Debug|Any CPU.ActiveCfg = Debug|Any CPU
		{9C11D814-7673-4167-A00E-2B00081A68ED}.Debug|Any CPU.Build.0 = Debug|Any CPU
		{9C11D814-7673-4167-A00E-2B00081A68ED}.Release|Any CPU.ActiveCfg = Release|Any CPU
		{9C11D814-7673-4167-A00E-2B00081A68ED}.Release|Any CPU.Build.0 = Release|Any CPU
		{8EDF0ED8-5D1E-4D50-B9FB-82ACD819CB52}.Debug|Any CPU.ActiveCfg = Debug|Any CPU
		{8EDF0ED8-5D1E-4D50-B9FB-82ACD819CB52}.Debug|Any CPU.Build.0 = Debug|Any CPU
		{8EDF0ED8-5D1E-4D50-B9FB-82ACD819CB52}.Release|Any CPU.ActiveCfg = Release|Any CPU
		{8EDF0ED8-5D1E-4D50-B9FB-82ACD819CB52}.Release|Any CPU.Build.0 = Release|Any CPU
	EndGlobalSection
	GlobalSection(SolutionProperties) = preSolution
		HideSolutionNode = FALSE
	EndGlobalSection
	GlobalSection(NestedProjects) = preSolution
		{D9039795-177E-4E34-BAD1-175106956EA2} = {B9FC8F2E-73DE-40EE-B192-B7EC9A23BC85}
		{4C3F7188-03BE-49B1-A85F-3BABD33B522B} = {B9FC8F2E-73DE-40EE-B192-B7EC9A23BC85}
		{7C96275D-29C7-4C85-BDF5-4849488974A4} = {B9FC8F2E-73DE-40EE-B192-B7EC9A23BC85}
		{87E54F7D-BAC2-4AFC-9394-9FC9B72475C8} = {EB81924F-A358-4C13-AB5E-D4CDF597F7E5}
		{40A5472C-732E-43DD-BDB9-C1A7FD4B7A9E} = {EB81924F-A358-4C13-AB5E-D4CDF597F7E5}
		{62B29670-071F-4561-8ABF-0F30921A9A63} = {EB81924F-A358-4C13-AB5E-D4CDF597F7E5}
		{9C98A0FF-4A6F-4A64-ADA7-7C536939CA38} = {71D6DA82-53DB-4C39-9E90-88DE36A0827E}
		{D6B52E04-02C9-468F-8BD1-B8E4E7F8CB90} = {71D6DA82-53DB-4C39-9E90-88DE36A0827E}
		{4753941B-0333-4AD3-B287-F1344C8A6EC3} = {71D6DA82-53DB-4C39-9E90-88DE36A0827E}
		{B3A3D340-19EA-4FAD-9503-BCBD482F16D9} = {F4042548-00BC-43C6-B4B3-4FC0FDD66EAF}
		{7BC316F8-ED22-40E0-8D7E-9E9600E2B76B} = {F4042548-00BC-43C6-B4B3-4FC0FDD66EAF}
		{183D74F8-CB75-4296-A467-FF0E4372B9C2} = {F4042548-00BC-43C6-B4B3-4FC0FDD66EAF}
		{7602DBE7-5895-4B51-BB8D-76B75D2006C0} = {DE47F24B-D36F-40C5-8202-028F663AD415}
		{D6E522B2-1D79-4AFC-BE29-D416DB5AFD81} = {DE47F24B-D36F-40C5-8202-028F663AD415}
		{CE25EA38-7C79-457C-BE5A-4ACFFBB8DE8B} = {DE47F24B-D36F-40C5-8202-028F663AD415}
		{C3A96D55-A946-4590-82DC-8334A8F8A1F4} = {B1D1C49C-DF55-4CBA-A4DE-7C4BB6EA1360}
		{9C11D814-7673-4167-A00E-2B00081A68ED} = {B1D1C49C-DF55-4CBA-A4DE-7C4BB6EA1360}
		{8EDF0ED8-5D1E-4D50-B9FB-82ACD819CB52} = {B1D1C49C-DF55-4CBA-A4DE-7C4BB6EA1360}
	EndGlobalSection
	GlobalSection(ExtensibilityGlobals) = postSolution
		SolutionGuid = {4D5F9BF1-04E4-4F5C-91CB-D862636915EA}
	EndGlobalSection
EndGlobal
